# This file is automatically @generated by Cargo.
# It is not intended for manual editing.
version = 4

[[package]]
name = "aead"
version = "0.4.3"
source = "registry+https://github.com/rust-lang/crates.io-index"
checksum = "0b613b8e1e3cf911a086f53f03bf286f52fd7a7258e4fa606f0ef220d39d8877"
dependencies = [
 "generic-array",
]

[[package]]
name = "bitflags"
version = "1.3.2"
source = "registry+https://github.com/rust-lang/crates.io-index"
checksum = "bef38d45163c2f1dde094a7dfd33ccf595c92905c8f8f4fdc18d06fb1037718a"

[[package]]
name = "byte"
version = "0.2.7"
source = "registry+https://github.com/rust-lang/crates.io-index"
checksum = "21c7ab3e4ae80853c7f8dcdcd904dfa25c02cc373534b8d165194325a088a7cc"

[[package]]
name = "byteorder"
version = "1.5.0"
source = "registry+https://github.com/rust-lang/crates.io-index"
checksum = "1fd0f2584146f6f2ef48085050886acf353beff7305ebd1ae69500e27c67f64b"

[[package]]
name = "ccm"
version = "0.4.4"
source = "registry+https://github.com/rust-lang/crates.io-index"
checksum = "0a9cf981c7e62b6fb02225592ee7ebf221e0b0b5317984a57a1e9d21af20e317"
dependencies = [
 "aead",
 "cipher",
 "ctr",
 "subtle",
]

[[package]]
name = "cipher"
version = "0.3.0"
source = "registry+https://github.com/rust-lang/crates.io-index"
checksum = "7ee52072ec15386f770805afd189a01c8841be8696bed250fa2f13c4c0d6dfb7"
dependencies = [
 "generic-array",
]

[[package]]
name = "ctr"
version = "0.8.0"
source = "registry+https://github.com/rust-lang/crates.io-index"
checksum = "049bb91fb4aaf0e3c7efa6cd5ef877dbbbd15b39dad06d9948de4ec8a75761ea"
dependencies = [
 "cipher",
]

[[package]]
name = "defmt"
version = "1.1.1"
source = "registry+https://github.com/rust-lang/crates.io-index"
checksum = "e2953bfe4f93bbd20cc71198842756f77d161884c99ebbabc41d80231ded88d1"
dependencies = [
 "bitflags",
 "defmt-macros",
]

[[package]]
name = "defmt-macros"
version = "1.1.1"
source = "registry+https://github.com/rust-lang/crates.io-index"
checksum = "bad9c72e7ca2137e0dc3813245a0d282fd6daad32fd800af018306a9169b5fe8"
dependencies = [
 "defmt-parser",
 "proc-macro2",
 "quote",
 "syn 2.0.119",
]

[[package]]
name = "defmt-parser"
version = "1.0.0"
source = "registry+https://github.com/rust-lang/crates.io-index"
checksum = "10d60334b3b2e7c9d91ef8150abfb6fa4c1c39ebbcf4a81c2e346aad939fee3e"
dependencies = [
 "thiserror",
]

[[package]]
name = "generic-array"
version = "0.14.7"
source = "registry+https://github.com/rust-lang/crates.io-index"
checksum = "85649ca51fd72272d7821adaf274ad91c288277713d9c18820d8499a7ff69e9a"
dependencies = [
 "typenum",
 "version_check",
]

[[package]]
name = "hash32"
version = "0.2.1"
source = "registry+https://github.com/rust-lang/crates.io-index"
checksum = "b0c35f58762feb77d74ebe43bdbc3210f09be9fe6742234d573bacc26ed92b67"
dependencies = [
 "byteorder",
]

[[package]]
name = "hash32-derive"
version = "0.1.1"
source = "registry+https://github.com/rust-lang/crates.io-index"
checksum = "59d2aba832b60be25c1b169146b27c64115470981b128ed84c8db18c1b03c6ff"
dependencies = [
 "proc-macro2",
 "quote",
 "syn 1.0.109",
]

[[package]]
name = "ieee802154"
version = "0.6.1"
source = "registry+https://github.com/rust-lang/crates.io-index"
checksum = "4fcb6de62f20180795db19ae2ab338852a66f8576581554fa8a730e437b450a5"
dependencies = [
 "byte",
 "ccm",
 "cipher",
 "hash32",
 "hash32-derive",
]

[[package]]
name = "proc-macro2"
version = "1.0.107"
source = "registry+https://github.com/rust-lang/crates.io-index"
checksum = "985e7ec9bb745e6ce6535b544d84d6cd6f7ad8bd711c398938ae983b91a766d9"
dependencies = [
 "unicode-ident",
]

[[package]]
name = "protocol"
version = "0.1.0"
dependencies = [
 "byte",
 "defmt",
 "ieee802154",
]

[[package]]
name = "quote"
version = "1.0.47"
source = "registry+https://github.com/rust-lang/crates.io-index"
checksum = "1fbf4db142a473a8d80c26bbf18454ed458bf8d26c8219c331daecfdbd079001"
dependencies = [
 "proc-macro2",
]

[[package]]
name = "subtle"
version = "2.4.1"
source = "registry+https://github.com/rust-lang/crates.io-index"
checksum = "6bdef32e8150c2a081110b42772ffe7d7c9032b606bc226c8260fd97e0976601"

[[package]]
name = "syn"
version = "1.0.109"
source = "registry+https://github.com/rust-lang/crates.io-index"
checksum = "72b64191b275b66ffe2469e8af2c1cfe3bafa67b529ead792a6d0160888b4237"
dependencies = [
 "proc-macro2",
 "quote",
 "unicode-ident",
]

[[package]]
name = "syn"
version = "2.0.119"
source = "registry+https://github.com/rust-lang/crates.io-index"
checksum = "872831b642d1a07999a962a351ed35b955ea2cfc8f3862091e2a240a84f17297"
dependencies = [
 "proc-macro2",
 "quote",
 "unicode-ident",
]

[[package]]
name = "syn"
version = "3.0.6"
source = "registry+https://github.com/rust-lang/crates.io-index"
checksum = "8593e8e72159ed2257d083c7a454a85cbf854f37a0966d8d483aff8c8a3ebcee"
dependencies = [
 "proc-macro2",
 "quote",
 "unicode-ident",
]

[[package]]
name = "thiserror"
version = "2.0.21"
source = "registry+https://github.com/rust-lang/crates.io-index"
checksum = "09e52cb86a36cede5cb101bf8908837b3e4c6e5e59fe7fd85c23fb56200d189e"
dependencies = [
 "thiserror-impl",
]

[[package]]
name = "thiserror-impl"
version = "2.0.21"
source = "registry+https://github.com/rust-lang/crates.io-index"
checksum = "fe5197923287db20a58125f0bc85c062f7f2c892de97b18c356f9efb14b28524"
dependencies = [
 "proc-macro2",
 "quote",
 "syn 3.0.6",
]

[[package]]
name = "typenum"
version = "1.20.1"
source = "registry+https://github.com/rust-lang/crates.io-index"
checksum = "b6f5e870be6c3b371b77fe0ee0bafb859fa4964b4404c27de1d380043c4dda20"

[[package]]
name = "unicode-ident"
version = "1.0.26"
source = "registry+https://github.com/rust-lang/crates.io-index"
checksum = "d245f478577f809a851594d02313b640fb437e0bb33866753cff937863096954"

[[package]]
name = "version_check"
version = "0.9.5"
source = "registry+https://github.com/rust-lang/crates.io-index"
checksum = "0b928f33d975fc6ad9f86c8f283853ad26bdd5b10b7f1542aa2fa15e2289105a"
